// !$*UTF8*$!
{
	archiveVersion = 1;
	classes = {
	};
	objectVersion = 77;
	objects = {

/* Begin PBXBuildFile section */
		0A1B2C3D4E5F6A7B8C9D0E1F /* Assets.xcassets in Resources */ = {isa = PBXBuildFile; fileRef = 0A1B2C3D4E5F6A7B8C9D0E10 /* Assets.xcassets */; };
		BB0011223344AABB /* main.swift in Sources */ = {isa = PBXBuildFile; fileRef = BB0011223344AABC /* main.swift */; };
		10C4CAB6EFDE5C4381636D47 /* ActivationDuration.swift in Sources */ = {isa = PBXBuildFile; fileRef = 5F452777BAE42564F577B6DF /* ActivationDuration.swift */; };
		1856E78E58266EEEB40D183A /* ActivationSession.swift in Sources */ = {isa = PBXBuildFile; fileRef = 360941895F9A0FC4E21F1229 /* ActivationSession.swift */; };
		1BDCC47D8AE2946EB3A9F614 /* AppSettings.swift in Sources */ = {isa = PBXBuildFile; fileRef = 85423D273814D69B11EC25A8 /* AppSettings.swift */; };
		264886B90AA3590098DA830F /* QuickActionsMenuView.swift in Sources */ = {isa = PBXBuildFile; fileRef = 5700F7D64C4F16955135E53E /* QuickActionsMenuView.swift */; };
		2C7B17B4D875FE2C6B076B75 /* ExternalLinks.swift in Sources */ = {isa = PBXBuildFile; fileRef = 8B690FEEAF6512B783FDB8B6 /* ExternalLinks.swift */; };
		303ED7F291777FF46F277251 /* AppTab.swift in Sources */ = {isa = PBXBuildFile; fileRef = 9C62BCF6E7A93B0B64AE9C68 /* AppTab.swift */; };
		3BDBC8AA0601485E70CDCCAF /* AddDurationSheet.swift in Sources */ = {isa = PBXBuildFile; fileRef = 673FAB63DC0FCA0F12954B13 /* AddDurationSheet.swift */; };
		3E56DF6E67E110A1744875D6 /* AboutTabView.swift in Sources */ = {isa = PBXBuildFile; fileRef = 6B0F8F5DE54AF95CF094057C /* AboutTabView.swift */; };
		407455B63D048CE6AC9B6ADB /* StatusItemController.swift in Sources */ = {isa = PBXBuildFile; fileRef = 70CB028633FC7FE8124E964E /* StatusItemController.swift */; };
		BB1122334455AABB /* NotificationManager.swift in Sources */ = {isa = PBXBuildFile; fileRef = BB1122334455AABC /* NotificationManager.swift */; };
		CC0011AABB220001 /* BatteryMonitor.swift in Sources */ = {isa = PBXBuildFile; fileRef = CC0011AABB220002 /* BatteryMonitor.swift */; };
		CC0011AABB220003 /* FocusDetectionService.swift in Sources */ = {isa = PBXBuildFile; fileRef = CC0011AABB220004 /* FocusDetectionService.swift */; };
		CC0011AABB220005 /* OnboardingView.swift in Sources */ = {isa = PBXBuildFile; fileRef = CC0011AABB220006 /* OnboardingView.swift */; };
		CC0011AABB220007 /* SettingsStore.swift in Sources */ = {isa = PBXBuildFile; fileRef = CC0011AABB220008 /* SettingsStore.swift */; };
		68B5D99185841B0369E526FB /* AppEnvironment.swift in Sources */ = {isa = PBXBuildFile; fileRef = 944C307898AF3E4FD9E04F3F /* AppEnvironment.swift */; };
		69303A352BB3EB09A595EB30 /* SettingsWindowView.swift in Sources */ = {isa = PBXBuildFile; fileRef = FC80C51C6126B7675FBA3A09 /* SettingsWindowView.swift */; };
		6B2B04770C5F402A8D2E1F8A /* KeepAwakeUITests.swift in Sources */ = {isa = PBXBuildFile; fileRef = BBAADE0663E81293FC5E40D3 /* KeepAwakeUITests.swift */; };
		751D1E650CFF6091A5116B72 /* LinkOpening.swift in Sources */ = {isa = PBXBuildFile; fileRef = 4C7BDE3671FAACF0F38C03CA /* LinkOpening.swift */; };
		762F6F8584B61F2E2C0B5B2A /* KeepAwakeHelper in Resources */ = {isa = PBXBuildFile; fileRef = 7FB6BBBABDC125DC52B45127 /* KeepAwakeHelper */; settings = {ATTRIBUTES = (RemoveHeadersOnCopy, ); }; };
		7909CD40C6AAACCE21C074A6 /* PowerStatusProviding.swift in Sources */ = {isa = PBXBuildFile; fileRef = CC57821FE6F3028948059143 /* PowerStatusProviding.swift */; };
		7E41232493AC1FCA336F58AC /* ActivationDurationTests.swift in Sources */ = {isa = PBXBuildFile; fileRef = 90D2106EF4441B9F04BA96B4 /* ActivationDurationTests.swift */; };
		8F36C09D1497352D9B154E24 /* ActivationSessionController.swift in Sources */ = {isa = PBXBuildFile; fileRef = 3F84B076178B08257F9BB64A /* ActivationSessionController.swift */; };
		9779269D5E10C17B599785B2 /* main.swift in Sources */ = {isa = PBXBuildFile; fileRef = A5F4A0DC4F3C3DF315B16C68 /* main.swift */; };
		9989F459084C0B51EF8E9D27 /* LaunchAtLoginManager.swift in Sources */ = {isa = PBXBuildFile; fileRef = 6D8FAE75A6300EAC9E78D1CE /* LaunchAtLoginManager.swift */; };
		A4E731B92310B5FD71DEBBC1 /* ActivationSessionControllerTests.swift in Sources */ = {isa = PBXBuildFile; fileRef = 989BDDCC093E5CDA79136CFB /* ActivationSessionControllerTests.swift */; };
		A74909C03FC17CD617C5A12A /* AppDelegate.swift in Sources */ = {isa = PBXBuildFile; fileRef = BC12FA18D80B2011E62A6585 /* AppDelegate.swift */; };
		A80ED9FB5AA8763FEFAF9FCB /* WakeAssertionController.swift in Sources */ = {isa = PBXBuildFile; fileRef = E983AFAB1D30C2346C7EE54F /* WakeAssertionController.swift */; };
		B8D62F199D367570A301524B /* KeepAwakeBranding.swift in Sources */ = {isa = PBXBuildFile; fileRef = 9F8536591A127CFACB26B3CC /* KeepAwakeBranding.swift */; };
		BE96616DB2372E31C165B536 /* ActivationDurationTabView.swift in Sources */ = {isa = PBXBuildFile; fileRef = 1CBA1D9F50D6E1CB9AE9C02A /* ActivationDurationTabView.swift */; };
		BF4D7475C188DBB7543B8BEE /* KeepAwakeController.swift in Sources */ = {isa = PBXBuildFile; fileRef = 2AC9EA465C907E95FD18F56E /* KeepAwakeController.swift */; };
		CB8C482AB30BB0B12C051CA5 /* AppSettingsTests.swift in Sources */ = {isa = PBXBuildFile; fileRef = 88EB25ECA9DA2CB79022B350 /* AppSettingsTests.swift */; };
		CCB5C817E765553E81188AB2 /* SettingsWindowManager.swift in Sources */ = {isa = PBXBuildFile; fileRef = 602D590F426D617665A83454 /* SettingsWindowManager.swift */; };
		DC079DA3AB6BC9C06A3A2DC4 /* SettingsTabView.swift in Sources */ = {isa = PBXBuildFile; fileRef = AAA39A97BFE0C3F079106225 /* SettingsTabView.swift */; };
		ED26539156FBF5C444DECD0D /* PowerSnapshot.swift in Sources */ = {isa = PBXBuildFile; fileRef = 18968446D92629E9BB54AF52 /* PowerSnapshot.swift */; };
		F2F6FD39DF465BE201992839 /* KeepAwakeControllerTests.swift in Sources */ = {isa = PBXBuildFile; fileRef = 1DF11E75A37AF2F31CB75D15 /* KeepAwakeControllerTests.swift */; };
/* End PBXBuildFile section */

/* Begin PBXContainerItemProxy section */
		08ED64C7C254DFAC9852E0B0 /* PBXContainerItemProxy */ = {
			isa = PBXContainerItemProxy;
			containerPortal = 1AB17D92C98942A089D4AC7E /* Project object */;
			proxyType = 1;
			remoteGlobalIDString = BF8994985C4FA0679C92C289;
			remoteInfo = KeepAwake;
		};
		272B25535B86FA387D13ECC7 /* PBXContainerItemProxy */ = {
			isa = PBXContainerItemProxy;
			containerPortal = 1AB17D92C98942A089D4AC7E /* Project object */;
			proxyType = 1;
			remoteGlobalIDString = BF8994985C4FA0679C92C289;
			remoteInfo = KeepAwake;
		};
		F5B7291AB08B786F106B40A9 /* PBXContainerItemProxy */ = {
			isa = PBXContainerItemProxy;
			containerPortal = 1AB17D92C98942A089D4AC7E /* Project object */;
			proxyType = 1;
			remoteGlobalIDString = 3E9F4421216D82BC9DE1BB3F;
			remoteInfo = KeepAwakeHelper;
		};
/* End PBXContainerItemProxy section */

/* Begin PBXFileReference section */
		0A1B2C3D4E5F6A7B8C9D0E10 /* Assets.xcassets */ = {isa = PBXFileReference; lastKnownFileType = folder.assetcatalog; path = Assets.xcassets; sourceTree = "<group>"; };
		BB0011223344AABC /* main.swift */ = {isa = PBXFileReference; lastKnownFileType = sourcecode.swift; path = main.swift; sourceTree = "<group>"; };
		18968446D92629E9BB54AF52 /* PowerSnapshot.swift */ = {isa = PBXFileReference; lastKnownFileType = sourcecode.swift; path = PowerSnapshot.swift; sourceTree = "<group>"; };
		1CBA1D9F50D6E1CB9AE9C02A /* ActivationDurationTabView.swift */ = {isa = PBXFileReference; lastKnownFileType = sourcecode.swift; path = ActivationDurationTabView.swift; sourceTree = "<group>"; };
		1DF11E75A37AF2F31CB75D15 /* KeepAwakeControllerTests.swift */ = {isa = PBXFileReference; lastKnownFileType = sourcecode.swift; path = KeepAwakeControllerTests.swift; sourceTree = "<group>"; };
		2AC9EA465C907E95FD18F56E /* KeepAwakeController.swift */ = {isa = PBXFileReference; lastKnownFileType = sourcecode.swift; path = KeepAwakeController.swift; sourceTree = "<group>"; };
		360941895F9A0FC4E21F1229 /* ActivationSession.swift */ = {isa = PBXFileReference; lastKnownFileType = sourcecode.swift; path = ActivationSession.swift; sourceTree = "<group>"; };
		3F84B076178B08257F9BB64A /* ActivationSessionController.swift */ = {isa = PBXFileReference; lastKnownFileType = sourcecode.swift; path = ActivationSessionController.swift; sourceTree = "<group>"; };
		4C7BDE3671FAACF0F38C03CA /* LinkOpening.swift */ = {isa = PBXFileReference; lastKnownFileType = sourcecode.swift; path = LinkOpening.swift; sourceTree = "<group>"; };
		4FEB62EAE484684E3887256F /* KeepAwake.app */ = {isa = PBXFileReference; explicitFileType = wrapper.application; includeInIndex = 0; path = KeepAwake.app; sourceTree = BUILT_PRODUCTS_DIR; };
		5700F7D64C4F16955135E53E /* QuickActionsMenuView.swift */ = {isa = PBXFileReference; lastKnownFileType = sourcecode.swift; path = QuickActionsMenuView.swift; sourceTree = "<group>"; };
		5F452777BAE42564F577B6DF /* ActivationDuration.swift */ = {isa = PBXFileReference; lastKnownFileType = sourcecode.swift; path = ActivationDuration.swift; sourceTree = "<group>"; };
		602D590F426D617665A83454 /* SettingsWindowManager.swift */ = {isa = PBXFileReference; lastKnownFileType = sourcecode.swift; path = SettingsWindowManager.swift; sourceTree = "<group>"; };
		BB1122334455AABC /* NotificationManager.swift */ = {isa = PBXFileReference; lastKnownFileType = sourcecode.swift; path = NotificationManager.swift; sourceTree = "<group>"; };
		CC0011AABB220002 /* BatteryMonitor.swift */ = {isa = PBXFileReference; lastKnownFileType = sourcecode.swift; path = BatteryMonitor.swift; sourceTree = "<group>"; };
		CC0011AABB220004 /* FocusDetectionService.swift */ = {isa = PBXFileReference; lastKnownFileType = sourcecode.swift; path = FocusDetectionService.swift; sourceTree = "<group>"; };
		CC0011AABB220006 /* OnboardingView.swift */ = {isa = PBXFileReference; lastKnownFileType = sourcecode.swift; path = OnboardingView.swift; sourceTree = "<group>"; };
		CC0011AABB220008 /* SettingsStore.swift */ = {isa = PBXFileReference; lastKnownFileType = sourcecode.swift; path = SettingsStore.swift; sourceTree = "<group>"; };
		673FAB63DC0FCA0F12954B13 /* AddDurationSheet.swift */ = {isa = PBXFileReference; lastKnownFileType = sourcecode.swift; path = AddDurationSheet.swift; sourceTree = "<group>"; };
		6B0F8F5DE54AF95CF094057C /* AboutTabView.swift */ = {isa = PBXFileReference; lastKnownFileType = sourcecode.swift; path = AboutTabView.swift; sourceTree = "<group>"; };
		6D8FAE75A6300EAC9E78D1CE /* LaunchAtLoginManager.swift */ = {isa = PBXFileReference; lastKnownFileType = sourcecode.swift; path = LaunchAtLoginManager.swift; sourceTree = "<group>"; };
		70CB028633FC7FE8124E964E /* StatusItemController.swift */ = {isa = PBXFileReference; lastKnownFileType = sourcecode.swift; path = StatusItemController.swift; sourceTree = "<group>"; };
		7FB6BBBABDC125DC52B45127 /* KeepAwakeHelper */ = {isa = PBXFileReference; includeInIndex = 0; path = KeepAwakeHelper; sourceTree = BUILT_PRODUCTS_DIR; };
		85423D273814D69B11EC25A8 /* AppSettings.swift */ = {isa = PBXFileReference; lastKnownFileType = sourcecode.swift; path = AppSettings.swift; sourceTree = "<group>"; };
		88EB25ECA9DA2CB79022B350 /* AppSettingsTests.swift */ = {isa = PBXFileReference; lastKnownFileType = sourcecode.swift; path = AppSettingsTests.swift; sourceTree = "<group>"; };
		8B690FEEAF6512B783FDB8B6 /* ExternalLinks.swift */ = {isa = PBXFileReference; lastKnownFileType = sourcecode.swift; path = ExternalLinks.swift; sourceTree = "<group>"; };
		90D2106EF4441B9F04BA96B4 /* ActivationDurationTests.swift */ = {isa = PBXFileReference; lastKnownFileType = sourcecode.swift; path = ActivationDurationTests.swift; sourceTree = "<group>"; };
		944C307898AF3E4FD9E04F3F /* AppEnvironment.swift */ = {isa = PBXFileReference; lastKnownFileType = sourcecode.swift; path = AppEnvironment.swift; sourceTree = "<group>"; };
		989BDDCC093E5CDA79136CFB /* ActivationSessionControllerTests.swift */ = {isa = PBXFileReference; lastKnownFileType = sourcecode.swift; path = ActivationSessionControllerTests.swift; sourceTree = "<group>"; };
		9C62BCF6E7A93B0B64AE9C68 /* AppTab.swift */ = {isa = PBXFileReference; lastKnownFileType = sourcecode.swift; path = AppTab.swift; sourceTree = "<group>"; };
		9F8536591A127CFACB26B3CC /* KeepAwakeBranding.swift */ = {isa = PBXFileReference; lastKnownFileType = sourcecode.swift; path = KeepAwakeBranding.swift; sourceTree = "<group>"; };
		A5F4A0DC4F3C3DF315B16C68 /* main.swift */ = {isa = PBXFileReference; lastKnownFileType = sourcecode.swift; path = main.swift; sourceTree = "<group>"; };
		AAA39A97BFE0C3F079106225 /* SettingsTabView.swift */ = {isa = PBXFileReference; lastKnownFileType = sourcecode.swift; path = SettingsTabView.swift; sourceTree = "<group>"; };
		BBAADE0663E81293FC5E40D3 /* KeepAwakeUITests.swift */ = {isa = PBXFileReference; lastKnownFileType = sourcecode.swift; path = KeepAwakeUITests.swift; sourceTree = "<group>"; };
		BC12FA18D80B2011E62A6585 /* AppDelegate.swift */ = {isa = PBXFileReference; lastKnownFileType = sourcecode.swift; path = AppDelegate.swift; sourceTree = "<group>"; };
		C68CC4F6F1D1261D1E3646AA /* KeepAwakeTests.xctest */ = {isa = PBXFileReference; explicitFileType = wrapper.cfbundle; includeInIndex = 0; path = KeepAwakeTests.xctest; sourceTree = BUILT_PRODUCTS_DIR; };
		C82C857A554086FFC76A9D53 /* KeepAwakeUITests.xctest */ = {isa = PBXFileReference; explicitFileType = wrapper.cfbundle; includeInIndex = 0; path = KeepAwakeUITests.xctest; sourceTree = BUILT_PRODUCTS_DIR; };
		CC57821FE6F3028948059143 /* PowerStatusProviding.swift */ = {isa = PBXFileReference; lastKnownFileType = sourcecode.swift; path = PowerStatusProviding.swift; sourceTree = "<group>"; };
		E983AFAB1D30C2346C7EE54F /* WakeAssertionController.swift */ = {isa = PBXFileReference; lastKnownFileType = sourcecode.swift; path = WakeAssertionController.swift; sourceTree = "<group>"; };
		FC80C51C6126B7675FBA3A09 /* SettingsWindowView.swift */ = {isa = PBXFileReference; lastKnownFileType = sourcecode.swift; path = SettingsWindowView.swift; sourceTree = "<group>"; };
/* End PBXFileReference section */

/* Begin PBXGroup section */
		281C4065C575219251FD4F8D /* Views */ = {
			isa = PBXGroup;
			children = (
				6B0F8F5DE54AF95CF094057C /* AboutTabView.swift */,
				1CBA1D9F50D6E1CB9AE9C02A /* ActivationDurationTabView.swift */,
				673FAB63DC0FCA0F12954B13 /* AddDurationSheet.swift */,
				9F8536591A127CFACB26B3CC /* KeepAwakeBranding.swift */,
				5700F7D64C4F16955135E53E /* QuickActionsMenuView.swift */,
				AAA39A97BFE0C3F079106225 /* SettingsTabView.swift */,
				FC80C51C6126B7675FBA3A09 /* SettingsWindowView.swift */,
				CC0011AABB220006 /* OnboardingView.swift */,
			);
			path = Views;
			sourceTree = "<group>";
		};
		2C87B63AED267E2FE0D0CE67 = {
			isa = PBXGroup;
			children = (
				6FD848339273CC8F7ABB1D28 /* KeepAwake */,
				E01835194368336D1267467C /* KeepAwakeHelper */,
				A8980A9AAFF37DAB1458B19D /* KeepAwakeTests */,
				73D922768EBD228DAC45B716 /* KeepAwakeUITests */,
				A9936382A5A4538D3CD21447 /* Products */,
			);
			sourceTree = "<group>";
		};
		62F8F1C0E947857E336B19E1 /* Support */ = {
			isa = PBXGroup;
			children = (
				9C62BCF6E7A93B0B64AE9C68 /* AppTab.swift */,
				8B690FEEAF6512B783FDB8B6 /* ExternalLinks.swift */,
			);
			path = Support;
			sourceTree = "<group>";
		};
		6FD848339273CC8F7ABB1D28 /* KeepAwake */ = {
			isa = PBXGroup;
			children = (
				C43DF1FC0C4CDA3B500CE7EF /* App */,
				9C9D53A56D4641C4471FBAEB /* Models */,
				E60AE4AD614BB755938FD1A7 /* Services */,
				62F8F1C0E947857E336B19E1 /* Support */,
				281C4065C575219251FD4F8D /* Views */,
				FB1234567890ABCDEF123456 /* Resources */,
			);
			path = KeepAwake;
			sourceTree = "<group>";
		};
		FB1234567890ABCDEF123456 /* Resources */ = {
			isa = PBXGroup;
			children = (
				0A1B2C3D4E5F6A7B8C9D0E10 /* Assets.xcassets */,
			);
			path = Resources;
			sourceTree = "<group>";
		};
		73D922768EBD228DAC45B716 /* KeepAwakeUITests */ = {
			isa = PBXGroup;
			children = (
				BBAADE0663E81293FC5E40D3 /* KeepAwakeUITests.swift */,
			);
			path = KeepAwakeUITests;
			sourceTree = "<group>";
		};
		9C9D53A56D4641C4471FBAEB /* Models */ = {
			isa = PBXGroup;
			children = (
				5F452777BAE42564F577B6DF /* ActivationDuration.swift */,
				360941895F9A0FC4E21F1229 /* ActivationSession.swift */,
				85423D273814D69B11EC25A8 /* AppSettings.swift */,
				18968446D92629E9BB54AF52 /* PowerSnapshot.swift */,
			);
			path = Models;
			sourceTree = "<group>";
		};
		A8980A9AAFF37DAB1458B19D /* KeepAwakeTests */ = {
			isa = PBXGroup;
			children = (
				90D2106EF4441B9F04BA96B4 /* ActivationDurationTests.swift */,
				989BDDCC093E5CDA79136CFB /* ActivationSessionControllerTests.swift */,
				88EB25ECA9DA2CB79022B350 /* AppSettingsTests.swift */,
				1DF11E75A37AF2F31CB75D15 /* KeepAwakeControllerTests.swift */,
			);
			path = KeepAwakeTests;
			sourceTree = "<group>";
		};
		A9936382A5A4538D3CD21447 /* Products */ = {
			isa = PBXGroup;
			children = (
				4FEB62EAE484684E3887256F /* KeepAwake.app */,
				7FB6BBBABDC125DC52B45127 /* KeepAwakeHelper */,
				C68CC4F6F1D1261D1E3646AA /* KeepAwakeTests.xctest */,
				C82C857A554086FFC76A9D53 /* KeepAwakeUITests.xctest */,
			);
			name = Products;
			sourceTree = "<group>";
		};
		C43DF1FC0C4CDA3B500CE7EF /* App */ = {
			isa = PBXGroup;
			children = (
				BB0011223344AABC /* main.swift */,
				BC12FA18D80B2011E62A6585 /* AppDelegate.swift */,
				944C307898AF3E4FD9E04F3F /* AppEnvironment.swift */,
				2AC9EA465C907E95FD18F56E /* KeepAwakeController.swift */,
			);
			path = App;
			sourceTree = "<group>";
		};
		E01835194368336D1267467C /* KeepAwakeHelper */ = {
			isa = PBXGroup;
			children = (
				A5F4A0DC4F3C3DF315B16C68 /* main.swift */,
			);
			path = KeepAwakeHelper;
			sourceTree = "<group>";
		};
		E60AE4AD614BB755938FD1A7 /* Services */ = {
			isa = PBXGroup;
			children = (
				3F84B076178B08257F9BB64A /* ActivationSessionController.swift */,
				6D8FAE75A6300EAC9E78D1CE /* LaunchAtLoginManager.swift */,
				4C7BDE3671FAACF0F38C03CA /* LinkOpening.swift */,
				CC57821FE6F3028948059143 /* PowerStatusProviding.swift */,
				602D590F426D617665A83454 /* SettingsWindowManager.swift */,
				BB1122334455AABC /* NotificationManager.swift */,
				CC0011AABB220002 /* BatteryMonitor.swift */,
				CC0011AABB220004 /* FocusDetectionService.swift */,
				CC0011AABB220008 /* SettingsStore.swift */,
				70CB028633FC7FE8124E964E /* StatusItemController.swift */,
				E983AFAB1D30C2346C7EE54F /* WakeAssertionController.swift */,
			);
			path = Services;
			sourceTree = "<group>";
		};
/* End PBXGroup section */

/* Begin PBXNativeTarget section */
		333BC60B67E2B248B39796E8 /* KeepAwakeUITests */ = {
			isa = PBXNativeTarget;
			buildConfigurationList = 76295E34C0FE9FA03D47E0E8 /* Build configuration list for PBXNativeTarget "KeepAwakeUITests" */;
			buildPhases = (
				211771BC80A41F43AAE822D9 /* Sources */,
			);
			buildRules = (
			);
			dependencies = (
				3BD0DFE6848B801747E90A0E /* PBXTargetDependency */,
			);
			name = KeepAwakeUITests;
			packageProductDependencies = (
			);
			productName = KeepAwakeUITests;
			productReference = C82C857A554086FFC76A9D53 /* KeepAwakeUITests.xctest */;
			productType = "com.apple.product-type.bundle.ui-testing";
		};
		3E9F4421216D82BC9DE1BB3F /* KeepAwakeHelper */ = {
			isa = PBXNativeTarget;
			buildConfigurationList = B18AED832A2F0BE0CA574145 /* Build configuration list for PBXNativeTarget "KeepAwakeHelper" */;
			buildPhases = (
				B0CB5F023DC29CD8BED46727 /* Sources */,
			);
			buildRules = (
			);
			dependencies = (
			);
			name = KeepAwakeHelper;
			packageProductDependencies = (
			);
			productName = KeepAwakeHelper;
			productReference = 7FB6BBBABDC125DC52B45127 /* KeepAwakeHelper */;
			productType = "com.apple.product-type.tool";
		};
		BF8994985C4FA0679C92C289 /* KeepAwake */ = {
			isa = PBXNativeTarget;
			buildConfigurationList = 0765867C3A215FB2F461C26C /* Build configuration list for PBXNativeTarget "KeepAwake" */;
			buildPhases = (
				5E18007E7BCD06BD2E63999F /* Sources */,
				87B025F3B6E438BA7BC908A3 /* Resources */,
				12A95356426C00CD2ABF9EBC /* Copy App Resources */,
				4F729B7AC725C6A8EDC5FB81 /* Embed Helper */,
			);
			buildRules = (
			);
			dependencies = (
				51E923E01F65EBA56483AFA7 /* PBXTargetDependency */,
			);
			name = KeepAwake;
			packageProductDependencies = (
			);
			productName = KeepAwake;
			productReference = 4FEB62EAE484684E3887256F /* KeepAwake.app */;
			productType = "com.apple.product-type.application";
		};
		CEA2BB85F6D54472DB9166E8 /* KeepAwakeTests */ = {
			isa = PBXNativeTarget;
			buildConfigurationList = 722035C43C648EA07171F2F4 /* Build configuration list for PBXNativeTarget "KeepAwakeTests" */;
			buildPhases = (
				4C1595C56FEFA259357B04BE /* Sources */,
			);
			buildRules = (
			);
			dependencies = (
				96E43BCA22CB7A9BBF81F88A /* PBXTargetDependency */,
			);
			name = KeepAwakeTests;
			packageProductDependencies = (
			);
			productName = KeepAwakeTests;
			productReference = C68CC4F6F1D1261D1E3646AA /* KeepAwakeTests.xctest */;
			productType = "com.apple.product-type.bundle.unit-test";
		};
/* End PBXNativeTarget section */

/* Begin PBXProject section */
		1AB17D92C98942A089D4AC7E /* Project object */ = {
			isa = PBXProject;
			attributes = {
				BuildIndependentTargetsInParallel = YES;
				LastUpgradeCheck = 1430;
				TargetAttributes = {
					333BC60B67E2B248B39796E8 = {
						TestTargetID = BF8994985C4FA0679C92C289;
					};
					3E9F4421216D82BC9DE1BB3F = {
						ProvisioningStyle = Automatic;
					};
					BF8994985C4FA0679C92C289 = {
						ProvisioningStyle = Automatic;
					};
				};
			};
			buildConfigurationList = 98C4EFBAAD6CE31284A42EE0 /* Build configuration list for PBXProject "KeepAwake" */;
			developmentRegion = en;
			hasScannedForEncodings = 0;
			knownRegions = (
				Base,
				en,
			);
			mainGroup = 2C87B63AED267E2FE0D0CE67;
			minimizedProjectReferenceProxies = 1;
			preferredProjectObjectVersion = 77;
			productRefGroup = A9936382A5A4538D3CD21447 /* Products */;
			projectDirPath = "";
			projectRoot = "";
			targets = (
				BF8994985C4FA0679C92C289 /* KeepAwake */,
				3E9F4421216D82BC9DE1BB3F /* KeepAwakeHelper */,
				CEA2BB85F6D54472DB9166E8 /* KeepAwakeTests */,
				333BC60B67E2B248B39796E8 /* KeepAwakeUITests */,
			);
		};
/* End PBXProject section */

/* Begin PBXResourcesBuildPhase section */
		87B025F3B6E438BA7BC908A3 /* Resources */ = {
			isa = PBXResourcesBuildPhase;
			buildActionMask = 2147483647;
			files = (
				0A1B2C3D4E5F6A7B8C9D0E1F /* Assets.xcassets in Resources */,
				762F6F8584B61F2E2C0B5B2A /* KeepAwakeHelper in Resources */,
			);
			runOnlyForDeploymentPostprocessing = 0;
		};
/* End PBXResourcesBuildPhase section */

/* Begin PBXShellScriptBuildPhase section */
		12A95356426C00CD2ABF9EBC /* Copy App Resources */ = {
			isa = PBXShellScriptBuildPhase;
			buildActionMask = 2147483647;
			files = (
			);
			inputFileListPaths = (
			);
			inputPaths = (
			);
			name = "Copy App Resources";
			outputFileListPaths = (
			);
			outputPaths = (
				"$(TARGET_BUILD_DIR)/$(CONTENTS_FOLDER_PATH)/Resources/profile.png",
				"$(TARGET_BUILD_DIR)/$(CONTENTS_FOLDER_PATH)/Resources/KeepAwake.icns",
				"$(TARGET_BUILD_DIR)/$(CONTENTS_FOLDER_PATH)/Resources/brand-mark.png",
			);
			runOnlyForDeploymentPostprocessing = 0;
			shellPath = /bin/sh;
			shellScript = "set -euo pipefail\nDEST=\"$TARGET_BUILD_DIR/$CONTENTS_FOLDER_PATH/Resources\"\nPLIST=\"$TARGET_BUILD_DIR/$INFOPLIST_PATH\"\nmkdir -p \"$DEST\"\ncp \"$SRCROOT/KeepAwake/Resources/profile.png\" \"$DEST/profile.png\"\ncp \"$SRCROOT/KeepAwake/Resources/KeepAwake.icns\" \"$DEST/KeepAwake.icns\"\ncp \"$SRCROOT/KeepAwake/Resources/brand-mark.png\" \"$DEST/brand-mark.png\"\nif /usr/libexec/PlistBuddy -c \"Print :CFBundleIconFile\" \"$PLIST\" >/dev/null 2>&1; then\n  /usr/libexec/PlistBuddy -c \"Set :CFBundleIconFile KeepAwake.icns\" \"$PLIST\"\nelse\n  /usr/libexec/PlistBuddy -c \"Add :CFBundleIconFile string KeepAwake.icns\" \"$PLIST\"\nfi\n";
		};
		4F729B7AC725C6A8EDC5FB81 /* Embed Helper */ = {
			isa = PBXShellScriptBuildPhase;
			buildActionMask = 2147483647;
			files = (
			);
			inputFileListPaths = (
			);
			inputPaths = (
			);
			name = "Embed Helper";
			outputFileListPaths = (
			);
			outputPaths = (
				"$(TARGET_BUILD_DIR)/$(CONTENTS_FOLDER_PATH)/Helpers/KeepAwakeHelper",
			);
			runOnlyForDeploymentPostprocessing = 0;
			shellPath = /bin/sh;
			shellScript = "set -euo pipefail\nDEST=\"$TARGET_BUILD_DIR/$CONTENTS_FOLDER_PATH/Helpers\"\nmkdir -p \"$DEST\"\ncp \"$BUILT_PRODUCTS_DIR/KeepAwakeHelper\" \"$DEST/KeepAwakeHelper\"\nchmod +x \"$DEST/KeepAwakeHelper\"\n";
		};
/* End PBXShellScriptBuildPhase section */

/* Begin PBXSourcesBuildPhase section */
		211771BC80A41F43AAE822D9 /* Sources */ = {
			isa = PBXSourcesBuildPhase;
			buildActionMask = 2147483647;
			files = (
				6B2B04770C5F402A8D2E1F8A /* KeepAwakeUITests.swift in Sources */,
			);
			runOnlyForDeploymentPostprocessing = 0;
		};
		4C1595C56FEFA259357B04BE /* Sources */ = {
			isa = PBXSourcesBuildPhase;
			buildActionMask = 2147483647;
			files = (
				7E41232493AC1FCA336F58AC /* ActivationDurationTests.swift in Sources */,
				A4E731B92310B5FD71DEBBC1 /* ActivationSessionControllerTests.swift in Sources */,
				CB8C482AB30BB0B12C051CA5 /* AppSettingsTests.swift in Sources */,
				F2F6FD39DF465BE201992839 /* KeepAwakeControllerTests.swift in Sources */,
			);
			runOnlyForDeploymentPostprocessing = 0;
		};
		5E18007E7BCD06BD2E63999F /* Sources */ = {
			isa = PBXSourcesBuildPhase;
			buildActionMask = 2147483647;
			files = (
				3E56DF6E67E110A1744875D6 /* AboutTabView.swift in Sources */,
				10C4CAB6EFDE5C4381636D47 /* ActivationDuration.swift in Sources */,
				BE96616DB2372E31C165B536 /* ActivationDurationTabView.swift in Sources */,
				1856E78E58266EEEB40D183A /* ActivationSession.swift in Sources */,
				8F36C09D1497352D9B154E24 /* ActivationSessionController.swift in Sources */,
				3BDBC8AA0601485E70CDCCAF /* AddDurationSheet.swift in Sources */,
				BB0011223344AABB /* main.swift in Sources */,
				A74909C03FC17CD617C5A12A /* AppDelegate.swift in Sources */,
				68B5D99185841B0369E526FB /* AppEnvironment.swift in Sources */,
				1BDCC47D8AE2946EB3A9F614 /* AppSettings.swift in Sources */,
				303ED7F291777FF46F277251 /* AppTab.swift in Sources */,
				2C7B17B4D875FE2C6B076B75 /* ExternalLinks.swift in Sources */,
				B8D62F199D367570A301524B /* KeepAwakeBranding.swift in Sources */,
				BF4D7475C188DBB7543B8BEE /* KeepAwakeController.swift in Sources */,
				9989F459084C0B51EF8E9D27 /* LaunchAtLoginManager.swift in Sources */,
				751D1E650CFF6091A5116B72 /* LinkOpening.swift in Sources */,
				ED26539156FBF5C444DECD0D /* PowerSnapshot.swift in Sources */,
				7909CD40C6AAACCE21C074A6 /* PowerStatusProviding.swift in Sources */,
				264886B90AA3590098DA830F /* QuickActionsMenuView.swift in Sources */,
				DC079DA3AB6BC9C06A3A2DC4 /* SettingsTabView.swift in Sources */,
				CCB5C817E765553E81188AB2 /* SettingsWindowManager.swift in Sources */,
				69303A352BB3EB09A595EB30 /* SettingsWindowView.swift in Sources */,
				BB1122334455AABB /* NotificationManager.swift in Sources */,
				CC0011AABB220001 /* BatteryMonitor.swift in Sources */,
				CC0011AABB220003 /* FocusDetectionService.swift in Sources */,
				CC0011AABB220007 /* SettingsStore.swift in Sources */,
				CC0011AABB220005 /* OnboardingView.swift in Sources */,
				407455B63D048CE6AC9B6ADB /* StatusItemController.swift in Sources */,
				A80ED9FB5AA8763FEFAF9FCB /* WakeAssertionController.swift in Sources */,
			);
			runOnlyForDeploymentPostprocessing = 0;
		};
		B0CB5F023DC29CD8BED46727 /* Sources */ = {
			isa = PBXSourcesBuildPhase;
			buildActionMask = 2147483647;
			files = (
				9779269D5E10C17B599785B2 /* main.swift in Sources */,
			);
			runOnlyForDeploymentPostprocessing = 0;
		};
/* End PBXSourcesBuildPhase section */

/* Begin PBXTargetDependency section */
		3BD0DFE6848B801747E90A0E /* PBXTargetDependency */ = {
			isa = PBXTargetDependency;
			target = BF8994985C4FA0679C92C289 /* KeepAwake */;
			targetProxy = 272B25535B86FA387D13ECC7 /* PBXContainerItemProxy */;
		};
		51E923E01F65EBA56483AFA7 /* PBXTargetDependency */ = {
			isa = PBXTargetDependency;
			target = 3E9F4421216D82BC9DE1BB3F /* KeepAwakeHelper */;
			targetProxy = F5B7291AB08B786F106B40A9 /* PBXContainerItemProxy */;
		};
		96E43BCA22CB7A9BBF81F88A /* PBXTargetDependency */ = {
			isa = PBXTargetDependency;
			target = BF8994985C4FA0679C92C289 /* KeepAwake */;
			targetProxy = 08ED64C7C254DFAC9852E0B0 /* PBXContainerItemProxy */;
		};
/* End PBXTargetDependency section */

/* Begin XCBuildConfiguration section */
		09E5136813B973597ACCE1AD /* Release */ = {
			isa = XCBuildConfiguration;
			buildSettings = {
				CODE_SIGN_ENTITLEMENTS = KeepAwakeHelper/KeepAwakeHelper.entitlements;
				CODE_SIGN_STYLE = Automatic;
				COMBINE_HIDPI_IMAGES = YES;
				ENABLE_HARDENED_RUNTIME = YES;
				LD_RUNPATH_SEARCH_PATHS = (
					"$(inherited)",
					"@executable_path/../Frameworks",
				);
				MACOSX_DEPLOYMENT_TARGET = 13.0;
				OTHER_SWIFT_FLAGS = "-parse-as-library";
				PRODUCT_BUNDLE_IDENTIFIER = com.adhamhaithameid.keepawake.helper;
				PRODUCT_NAME = KeepAwakeHelper;
				SDKROOT = macosx;
			};
			name = Release;
		};
		0D4EB045FC3A3061823316FA /* Release */ = {
			isa = XCBuildConfiguration;
			buildSettings = {
				ALWAYS_SEARCH_USER_PATHS = NO;
				CLANG_ANALYZER_NONNULL = YES;
				CLANG_ANALYZER_NUMBER_OBJECT_CONVERSION = YES_AGGRESSIVE;
				CLANG_CXX_LANGUAGE_STANDARD = "gnu++14";
				CLANG_CXX_LIBRARY = "libc++";
				CLANG_ENABLE_MODULES = YES;
				CLANG_ENABLE_OBJC_ARC = YES;
				CLANG_ENABLE_OBJC_WEAK = YES;
				CLANG_WARN_BLOCK_CAPTURE_AUTORELEASING = YES;
				CLANG_WARN_BOOL_CONVERSION = YES;
				CLANG_WARN_COMMA = YES;
				CLANG_WARN_CONSTANT_CONVERSION = YES;
				CLANG_WARN_DEPRECATED_OBJC_IMPLEMENTATIONS = YES;
				CLANG_WARN_DIRECT_OBJC_ISA_USAGE = YES_ERROR;
				CLANG_WARN_DOCUMENTATION_COMMENTS = YES;
				CLANG_WARN_EMPTY_BODY = YES;
				CLANG_WARN_ENUM_CONVERSION = YES;
				CLANG_WARN_INFINITE_RECURSION = YES;
				CLANG_WARN_INT_CONVERSION = YES;
				CLANG_WARN_NON_LITERAL_NULL_CONVERSION = YES;
				CLANG_WARN_OBJC_IMPLICIT_RETAIN_SELF = YES;
				CLANG_WARN_OBJC_LITERAL_CONVERSION = YES;
				CLANG_WARN_OBJC_ROOT_CLASS = YES_ERROR;
				CLANG_WARN_QUOTED_INCLUDE_IN_FRAMEWORK_HEADER = YES;
				CLANG_WARN_RANGE_LOOP_ANALYSIS = YES;
				CLANG_WARN_STRICT_PROTOTYPES = YES;
				CLANG_WARN_SUSPICIOUS_MOVE = YES;
				CLANG_WARN_UNGUARDED_AVAILABILITY = YES_AGGRESSIVE;
				CLANG_WARN_UNREACHABLE_CODE = YES;
				CLANG_WARN__DUPLICATE_METHOD_MATCH = YES;
				COPY_PHASE_STRIP = NO;
				CURRENT_PROJECT_VERSION = 1;
				DEBUG_INFORMATION_FORMAT = "dwarf-with-dsym";
				ENABLE_NS_ASSERTIONS = NO;
				ENABLE_STRICT_OBJC_MSGSEND = YES;
				GCC_C_LANGUAGE_STANDARD = gnu11;
				GCC_NO_COMMON_BLOCKS = YES;
				GCC_WARN_64_TO_32_BIT_CONVERSION = YES;
				GCC_WARN_ABOUT_RETURN_TYPE = YES_ERROR;
				GCC_WARN_UNDECLARED_SELECTOR = YES;
				GCC_WARN_UNINITIALIZED_AUTOS = YES_AGGRESSIVE;
				GCC_WARN_UNUSED_FUNCTION = YES;
				GCC_WARN_UNUSED_VARIABLE = YES;
				GENERATE_INFOPLIST_FILE = NO;
				MACOSX_DEPLOYMENT_TARGET = 13.0;
				MARKETING_VERSION = 1.0.0;
				MTL_ENABLE_DEBUG_INFO = NO;
				MTL_FAST_MATH = YES;
				PRODUCT_NAME = "$(TARGET_NAME)";
				SDKROOT = macosx;
				SWIFT_COMPILATION_MODE = wholemodule;
				SWIFT_OPTIMIZATION_LEVEL = "-O";
				SWIFT_VERSION = 6.0;
			};
			name = Release;
		};
		78B1637E1C3AEB0AA58DBFB8 /* Debug */ = {
			isa = XCBuildConfiguration;
			buildSettings = {
				BUNDLE_LOADER = "$(TEST_HOST)";
				COMBINE_HIDPI_IMAGES = YES;
				GENERATE_INFOPLIST_FILE = YES;
				LD_RUNPATH_SEARCH_PATHS = (
					"$(inherited)",
					"@executable_path/Frameworks",
					"@loader_path/Frameworks",
				);
				MACOSX_DEPLOYMENT_TARGET = 13.0;
				PRODUCT_BUNDLE_IDENTIFIER = com.adhamhaithameid.keepawake.uitests;
				SDKROOT = macosx;
				TEST_TARGET_NAME = KeepAwake;
			};
			name = Debug;
		};
		903F4ECB94901943FE04FB43 /* Release */ = {
			isa = XCBuildConfiguration;
			buildSettings = {
				BUNDLE_LOADER = "$(TEST_HOST)";
				COMBINE_HIDPI_IMAGES = YES;
				GENERATE_INFOPLIST_FILE = YES;
				LD_RUNPATH_SEARCH_PATHS = (
					"$(inherited)",
					"@executable_path/Frameworks",
					"@loader_path/Frameworks",
				);
				MACOSX_DEPLOYMENT_TARGET = 13.0;
				PRODUCT_BUNDLE_IDENTIFIER = com.adhamhaithameid.keepawake.uitests;
				SDKROOT = macosx;
				TEST_TARGET_NAME = KeepAwake;
			};
			name = Release;
		};
		A05183B404B3D473B8B3F9DB /* Debug */ = {
			isa = XCBuildConfiguration;
			buildSettings = {
				ASSETCATALOG_COMPILER_APPICON_NAME = AppIcon;
				CODE_SIGN_ENTITLEMENTS = KeepAwake/KeepAwake.entitlements;
				CODE_SIGN_STYLE = Automatic;
				COMBINE_HIDPI_IMAGES = YES;
				ENABLE_HARDENED_RUNTIME = YES;
				INFOPLIST_FILE = KeepAwake/Info.plist;
				INFOPLIST_KEY_CFBundleIconFile = KeepAwake.icns;
				LD_RUNPATH_SEARCH_PATHS = (
					"$(inherited)",
					"@executable_path/../Frameworks",
				);
				MACOSX_DEPLOYMENT_TARGET = 13.0;
				PRODUCT_BUNDLE_IDENTIFIER = com.adhamhaithameid.keepawake;
				PRODUCT_NAME = KeepAwake;
				SDKROOT = macosx;
			};
			name = Debug;
		};
		BFD26409BFF67D4C4DCE5029 /* Release */ = {
			isa = XCBuildConfiguration;
			buildSettings = {
				ASSETCATALOG_COMPILER_APPICON_NAME = AppIcon;
				CODE_SIGN_ENTITLEMENTS = KeepAwake/KeepAwake.entitlements;
				CODE_SIGN_STYLE = Automatic;
				COMBINE_HIDPI_IMAGES = YES;
				ENABLE_HARDENED_RUNTIME = YES;
				INFOPLIST_FILE = KeepAwake/Info.plist;
				INFOPLIST_KEY_CFBundleIconFile = KeepAwake.icns;
				LD_RUNPATH_SEARCH_PATHS = (
					"$(inherited)",
					"@executable_path/../Frameworks",
				);
				MACOSX_DEPLOYMENT_TARGET = 13.0;
				PRODUCT_BUNDLE_IDENTIFIER = com.adhamhaithameid.keepawake;
				PRODUCT_NAME = KeepAwake;
				SDKROOT = macosx;
			};
			name = Release;
		};
		D2423A2E26CDE4B5608B6AEA /* Debug */ = {
			isa = XCBuildConfiguration;
			buildSettings = {
				BUNDLE_LOADER = "$(TEST_HOST)";
				COMBINE_HIDPI_IMAGES = YES;
				GENERATE_INFOPLIST_FILE = YES;
				LD_RUNPATH_SEARCH_PATHS = (
					"$(inherited)",
					"@executable_path/../Frameworks",
					"@loader_path/../Frameworks",
				);
				MACOSX_DEPLOYMENT_TARGET = 13.0;
				PRODUCT_BUNDLE_IDENTIFIER = com.adhamhaithameid.keepawake.tests;
				SDKROOT = macosx;
				TEST_HOST = "$(BUILT_PRODUCTS_DIR)/KeepAwake.app/Contents/MacOS/KeepAwake";
			};
			name = Debug;
		};
		DAE4EDB85B01563BB613BC1D /* Debug */ = {
			isa = XCBuildConfiguration;
			buildSettings = {
				CODE_SIGN_ENTITLEMENTS = KeepAwakeHelper/KeepAwakeHelper.entitlements;
				CODE_SIGN_STYLE = Automatic;
				COMBINE_HIDPI_IMAGES = YES;
				ENABLE_HARDENED_RUNTIME = YES;
				LD_RUNPATH_SEARCH_PATHS = (
					"$(inherited)",
					"@executable_path/../Frameworks",
				);
				MACOSX_DEPLOYMENT_TARGET = 13.0;
				OTHER_SWIFT_FLAGS = "-parse-as-library";
				PRODUCT_BUNDLE_IDENTIFIER = com.adhamhaithameid.keepawake.helper;
				PRODUCT_NAME = KeepAwakeHelper;
				SDKROOT = macosx;
			};
			name = Debug;
		};
		DFDC33528B833FEB3C4DE51F /* Debug */ = {
			isa = XCBuildConfiguration;
			buildSettings = {
				ALWAYS_SEARCH_USER_PATHS = NO;
				CLANG_ANALYZER_NONNULL = YES;
				CLANG_ANALYZER_NUMBER_OBJECT_CONVERSION = YES_AGGRESSIVE;
				CLANG_CXX_LANGUAGE_STANDARD = "gnu++14";
				CLANG_CXX_LIBRARY = "libc++";
				CLANG_ENABLE_MODULES = YES;
				CLANG_ENABLE_OBJC_ARC = YES;
				CLANG_ENABLE_OBJC_WEAK = YES;
				CLANG_WARN_BLOCK_CAPTURE_AUTORELEASING = YES;
				CLANG_WARN_BOOL_CONVERSION = YES;
				CLANG_WARN_COMMA = YES;
				CLANG_WARN_CONSTANT_CONVERSION = YES;
				CLANG_WARN_DEPRECATED_OBJC_IMPLEMENTATIONS = YES;
				CLANG_WARN_DIRECT_OBJC_ISA_USAGE = YES_ERROR;
				CLANG_WARN_DOCUMENTATION_COMMENTS = YES;
				CLANG_WARN_EMPTY_BODY = YES;
				CLANG_WARN_ENUM_CONVERSION = YES;
				CLANG_WARN_INFINITE_RECURSION = YES;
				CLANG_WARN_INT_CONVERSION = YES;
				CLANG_WARN_NON_LITERAL_NULL_CONVERSION = YES;
				CLANG_WARN_OBJC_IMPLICIT_RETAIN_SELF = YES;
				CLANG_WARN_OBJC_LITERAL_CONVERSION = YES;
				CLANG_WARN_OBJC_ROOT_CLASS = YES_ERROR;
				CLANG_WARN_QUOTED_INCLUDE_IN_FRAMEWORK_HEADER = YES;
				CLANG_WARN_RANGE_LOOP_ANALYSIS = YES;
				CLANG_WARN_STRICT_PROTOTYPES = YES;
				CLANG_WARN_SUSPICIOUS_MOVE = YES;
				CLANG_WARN_UNGUARDED_AVAILABILITY = YES_AGGRESSIVE;
				CLANG_WARN_UNREACHABLE_CODE = YES;
				CLANG_WARN__DUPLICATE_METHOD_MATCH = YES;
				COPY_PHASE_STRIP = NO;
				CURRENT_PROJECT_VERSION = 1;
				DEBUG_INFORMATION_FORMAT = dwarf;
				ENABLE_STRICT_OBJC_MSGSEND = YES;
				ENABLE_TESTABILITY = YES;
				GCC_C_LANGUAGE_STANDARD = gnu11;
				GCC_DYNAMIC_NO_PIC = NO;
				GCC_NO_COMMON_BLOCKS = YES;
				GCC_OPTIMIZATION_LEVEL = 0;
				GCC_PREPROCESSOR_DEFINITIONS = (
					"$(inherited)",
					"DEBUG=1",
				);
				GCC_WARN_64_TO_32_BIT_CONVERSION = YES;
				GCC_WARN_ABOUT_RETURN_TYPE = YES_ERROR;
				GCC_WARN_UNDECLARED_SELECTOR = YES;
				GCC_WARN_UNINITIALIZED_AUTOS = YES_AGGRESSIVE;
				GCC_WARN_UNUSED_FUNCTION = YES;
				GCC_WARN_UNUSED_VARIABLE = YES;
				GENERATE_INFOPLIST_FILE = NO;
				MACOSX_DEPLOYMENT_TARGET = 13.0;
				MARKETING_VERSION = 1.0.0;
				MTL_ENABLE_DEBUG_INFO = INCLUDE_SOURCE;
				MTL_FAST_MATH = YES;
				ONLY_ACTIVE_ARCH = YES;
				PRODUCT_NAME = "$(TARGET_NAME)";
				SDKROOT = macosx;
				SWIFT_ACTIVE_COMPILATION_CONDITIONS = DEBUG;
				SWIFT_OPTIMIZATION_LEVEL = "-Onone";
				SWIFT_VERSION = 6.0;
			};
			name = Debug;
		};
		F7F708E7EC12BA0AF8D250C1 /* Release */ = {
			isa = XCBuildConfiguration;
			buildSettings = {
				BUNDLE_LOADER = "$(TEST_HOST)";
				COMBINE_HIDPI_IMAGES = YES;
				GENERATE_INFOPLIST_FILE = YES;
				LD_RUNPATH_SEARCH_PATHS = (
					"$(inherited)",
					"@executable_path/../Frameworks",
					"@loader_path/../Frameworks",
				);
				MACOSX_DEPLOYMENT_TARGET = 13.0;
				PRODUCT_BUNDLE_IDENTIFIER = com.adhamhaithameid.keepawake.tests;
				SDKROOT = macosx;
				TEST_HOST = "$(BUILT_PRODUCTS_DIR)/KeepAwake.app/Contents/MacOS/KeepAwake";
			};
			name = Release;
		};
/* End XCBuildConfiguration section */

/* Begin XCConfigurationList section */
		0765867C3A215FB2F461C26C /* Build configuration list for PBXNativeTarget "KeepAwake" */ = {
			isa = XCConfigurationList;
			buildConfigurations = (
				A05183B404B3D473B8B3F9DB /* Debug */,
				BFD26409BFF67D4C4DCE5029 /* Release */,
			);
			defaultConfigurationIsVisible = 0;
			defaultConfigurationName = Debug;
		};
		722035C43C648EA07171F2F4 /* Build configuration list for PBXNativeTarget "KeepAwakeTests" */ = {
			isa = XCConfigurationList;
			buildConfigurations = (
				D2423A2E26CDE4B5608B6AEA /* Debug */,
				F7F708E7EC12BA0AF8D250C1 /* Release */,
			);
			defaultConfigurationIsVisible = 0;
			defaultConfigurationName = Debug;
		};
		76295E34C0FE9FA03D47E0E8 /* Build configuration list for PBXNativeTarget "KeepAwakeUITests" */ = {
			isa = XCConfigurationList;
			buildConfigurations = (
				78B1637E1C3AEB0AA58DBFB8 /* Debug */,
				903F4ECB94901943FE04FB43 /* Release */,
			);
			defaultConfigurationIsVisible = 0;
			defaultConfigurationName = Debug;
		};
		98C4EFBAAD6CE31284A42EE0 /* Build configuration list for PBXProject "KeepAwake" */ = {
			isa = XCConfigurationList;
			buildConfigurations = (
				DFDC33528B833FEB3C4DE51F /* Debug */,
				0D4EB045FC3A3061823316FA /* Release */,
			);
			defaultConfigurationIsVisible = 0;
			defaultConfigurationName = Debug;
		};
		B18AED832A2F0BE0CA574145 /* Build configuration list for PBXNativeTarget "KeepAwakeHelper" */ = {
			isa = XCConfigurationList;
			buildConfigurations = (
				DAE4EDB85B01563BB613BC1D /* Debug */,
				09E5136813B973597ACCE1AD /* Release */,
			);
			defaultConfigurationIsVisible = 0;
			defaultConfigurationName = Debug;
		};
/* End XCConfigurationList section */
	};
	rootObject = 1AB17D92C98942A089D4AC7E /* Project object */;
}
